# THIS IS AN AUTOGENERATED FILE. DO NOT EDIT THIS FILE DIRECTLY.
# yarn lockfile v1


"@adapt-design-system/tokens@^0.1.1":
  version "0.1.1"
  resolved "https://registry.yarnpkg.com/@adapt-design-system/tokens/-/tokens-0.1.1.tgz#96db99a09a480a292307c456b843251797a881ec"
  integrity sha512-yG0a4gi+J2AKpQXoZWQdUlEBLPmW+6+8dJqThqE4fI58muVSZYsL2yBMk7sojy1Rbg6HS9JLG/BcG5mxqxwoyw==

"@babel/runtime@^7.10.5":
  version "7.10.5"
  resolved "https://registry.yarnpkg.com/@babel/runtime/-/runtime-7.10.5.tgz#303d8bd440ecd5a491eae6117fd3367698674c5c"
  integrity sha512-otddXKhdNn7d0ptoFRHtMLa8LqDxLYwTjB4nYgM1yy5N6gU/MUf8zqyyLltCH3yAVitBzmwK4us+DD0l/MauAg==
  dependencies:
    regenerator-runtime "^0.13.4"

"@prettier/plugin-xml@^0.9.0":
  version "0.9.0"
  resolved "https://registry.yarnpkg.com/@prettier/plugin-xml/-/plugin-xml-0.9.0.tgz#af814fa2bffba5dbbb5554c5b6446a4f34a7a245"
  integrity sha512-jPEbwZkWeRy6KAAhOQ2PWJCGiHm2SGm2jZ9NE7+YpHM6yqaGZqCKWa2j2/GZ/JDVXyzkISpOqEiwiRAI5LkFKQ==
  dependencies:
    "@xml-tools/parser" "^1.0.2"
    prettier ">=1.10"

"@xml-tools/parser@^1.0.2":
  version "1.0.7"
  resolved "https://registry.yarnpkg.com/@xml-tools/parser/-/parser-1.0.7.tgz#2228b77856cd552392057b8e2e507101b64261cb"
  integrity sha512-mdjG4dWj4zaubxWAgr0YMNkZr182aHek5xrpDqgITNnGf+E8FhvAmCU95QiL9+pGjqK8Qfd+qnuer9f8KELRyQ==
  dependencies:
    chevrotain "7.0.1"

chevrotain@7.0.1:
  version "7.0.1"
  resolved "https://registry.yarnpkg.com/chevrotain/-/chevrotain-7.0.1.tgz#55d1d21a9afea0aad23b4d30e75650212eb4cc9f"
  integrity sha512-B/44jrdw5GAzy483LEeVSgXSX0qOYM8lUd3l5+yf6Vl6OQjEUCm2BUiYbHRCIK6xCEvCLAFe1kj8uyV6+zdaVw==
  dependencies:
    regexp-to-ast "0.5.0"

lodash@^4.17.21:
  version "4.17.21"
  resolved "https://registry.yarnpkg.com/lodash/-/lodash-4.17.21.tgz#679591c564c3bffaae8454cf0b3df370c3d6911c"
  integrity sha512-v2kDEe57lecTulaDIuNTPy3Ry4gLGJ6Z1O3vE1krgXZNrsQ+LFTGHVxVjcXPs17LhbZVGedAJv8XZ1tvj5FvSg==

prettier@>=1.10, prettier@^2.0.5:
  version "2.0.5"
  resolved "https://registry.yarnpkg.com/prettier/-/prettier-2.0.5.tgz#d6d56282455243f2f92cc1716692c08aa31522d4"
  integrity sha512-7PtVymN48hGcO4fGjybyBSIWDsLU4H4XlvOHfq91pz9kkGlonzwTfYkaIEwiRg/dAJF9YlbsduBAgtYLi+8cFg==

regenerator-runtime@^0.13.4:
  version "0.13.7"
  resolved "https://registry.yarnpkg.com/regenerator-runtime/-/regenerator-runtime-0.13.7.tgz#cac2dacc8a1ea675feaabaeb8ae833898ae46f55"
  integrity sha512-a54FxoJDIr27pgf7IgeQGxmqUNYrcV338lf/6gH456HZ/PhX+5BcwHXG9ajESmwe6WRO0tAzRUrRmNONWgkrew==

regexp-to-ast@0.5.0:
  version "0.5.0"
  resolved "https://registry.yarnpkg.com/regexp-to-ast/-/regexp-to-ast-0.5.0.tgz#56c73856bee5e1fef7f73a00f1473452ab712a24"
  integrity sha512-tlbJqcMHnPKI9zSrystikWKwHkBqu2a/Sgw01h3zFjvYrMxEDYHzzoMZnUrbIfpTFEsoRnnviOXNCzFiSc54Qw==
